
Microsoft Visual Studio Solution File, Format Version 12.00
# Visual Studio Version 17
VisualStudioVersion = 17.8.34511.84
MinimumVisualStudioVersion = 10.0.40219.1
Project("{888888A0-9F3D-457C-B088-3A5042F75D52}") = "VigadeOtsing", "VigadeOtsing\VigadeOtsing.pyproj", "{41261E69-8519-4F00-8486-6104C3DD0DED}"
EndProject
Global
	GlobalSection(SolutionConfigurationPlatforms) = preSolution
		Debug|Any CPU = Debug|Any CPU
		Release|Any CPU = Release|Any CPU
	EndGlobalSection
	GlobalSection(ProjectConfigurationPlatforms) = postSolution
		{41261E69-8519-4F00-8486-6104C3DD0DED}.Debug|Any CPU.ActiveCfg = Debug|Any CPU
		{41261E69-8519-4F00-8486-6104C3DD0DED}.Release|Any CPU.ActiveCfg = Release|Any CPU
	EndGlobalSection
	GlobalSection(SolutionProperties) = preSolution
		HideSolutionNode = FALSE
	EndGlobalSection
	GlobalSection(ExtensibilityGlobals) = postSolution
		SolutionGuid = {B9B19ACF-98AD-4392-ACCD-6D881FF446A3}
	EndGlobalSection
EndGlobal
